
Microsoft Visual Studio Solution File, Format Version 12.00
# Visual Studio Version 16
VisualStudioVersion = 16.0.31729.503
MinimumVisualStudioVersion = 10.0.40219.1
Project("{FAE04EC0-301F-11D3-BF4B-00C04F79EFBC}") = "1", "1\1.csproj", "{7836ADD4-AE12-48A9-836A-7F9A6F59E366}"
EndProject
Project("{FAE04EC0-301F-11D3-BF4B-00C04F79EFBC}") = "2", "2\2.csproj", "{11086E3C-A0A2-4681-808F-50FE06DBAF57}"
EndProject
Project("{FAE04EC0-301F-11D3-BF4B-00C04F79EFBC}") = "3", "3\3.csproj", "{C23A0722-AF57-432E-8291-75F66EE73E23}"
EndProject
Project("{FAE04EC0-301F-11D3-BF4B-00C04F79EFBC}") = "4", "4\4.csproj", "{6503E9B9-1D2B-4C43-9946-B2283173F4AD}"
EndProject
Project("{FAE04EC0-301F-11D3-BF4B-00C04F79EFBC}") = "5", "5\5.csproj", "{1D77DBDB-1986-474C-A79C-A03D35C3151A}"
EndProject
Project("{FAE04EC0-301F-11D3-BF4B-00C04F79EFBC}") = "6", "6\6.csproj", "{6864C80E-5264-452D-B677-9DCC6D8D1342}"
EndProject
Project("{FAE04EC0-301F-11D3-BF4B-00C04F79EFBC}") = "7.1", "7\7.1.csproj", "{22162A7F-3B66-479B-99BD-2AD308634186}"
EndProject
Project("{FAE04EC0-301F-11D3-BF4B-00C04F79EFBC}") = "8", "8\8.csproj", "{8CCD303A-9BCB-43AD-A6BD-C977FFEE512C}"
EndProject
Project("{FAE04EC0-301F-11D3-BF4B-00C04F79EFBC}") = "9", "9\9.csproj", "{E29B7C62-6758-424F-B08F-14AEE3EE70ED}"
EndProject
Project("{FAE04EC0-301F-11D3-BF4B-00C04F79EFBC}") = "10", "10\10.csproj", "{C0F1CF59-0745-4F12-A6DF-B76C564C42A4}"
EndProject
Project("{FAE04EC0-301F-11D3-BF4B-00C04F79EFBC}") = "7.2", "7.2\7.2.csproj", "{C45531D5-A8F0-4B49-8271-BB188B3E154D}"
EndProject
Project("{FAE04EC0-301F-11D3-BF4B-00C04F79EFBC}") = "7.3", "7.3\7.3.csproj", "{D7F99DA7-70C5-4FD5-9DDA-926048E988A7}"
EndProject
Global
	GlobalSection(SolutionConfigurationPlatforms) = preSolution
		Debug|Any CPU = Debug|Any CPU
		Release|Any CPU = Release|Any CPU
	EndGlobalSection
	GlobalSection(ProjectConfigurationPlatforms) = postSolution
		{7836ADD4-AE12-48A9-836A-7F9A6F59E366}.Debug|Any CPU.ActiveCfg = Debug|Any CPU
		{7836ADD4-AE12-48A9-836A-7F9A6F59E366}.Debug|Any CPU.Build.0 = Debug|Any CPU
		{7836ADD4-AE12-48A9-836A-7F9A6F59E366}.Release|Any CPU.ActiveCfg = Release|Any CPU
		{7836ADD4-AE12-48A9-836A-7F9A6F59E366}.Release|Any CPU.Build.0 = Release|Any CPU
		{11086E3C-A0A2-4681-808F-50FE06DBAF57}.Debug|Any CPU.ActiveCfg = Debug|Any CPU
		{11086E3C-A0A2-4681-808F-50FE06DBAF57}.Debug|Any CPU.Build.0 = Debug|Any CPU
		{11086E3C-A0A2-4681-808F-50FE06DBAF57}.Release|Any CPU.ActiveCfg = Release|Any CPU
		{11086E3C-A0A2-4681-808F-50FE06DBAF57}.Release|Any CPU.Build.0 = Release|Any CPU
		{C23A0722-AF57-432E-8291-75F66EE73E23}.Debug|Any CPU.ActiveCfg = Debug|Any CPU
		{C23A0722-AF57-432E-8291-75F66EE73E23}.Debug|Any CPU.Build.0 = Debug|Any CPU
		{C23A0722-AF57-432E-8291-75F66EE73E23}.Release|Any CPU.ActiveCfg = Release|Any CPU
		{C23A0722-AF57-432E-8291-75F66EE73E23}.Release|Any CPU.Build.0 = Release|Any CPU
		{6503E9B9-1D2B-4C43-9946-B2283173F4AD}.Debug|Any CPU.ActiveCfg = Debug|Any CPU
		{6503E9B9-1D2B-4C43-9946-B2283173F4AD}.Debug|Any CPU.Build.0 = Debug|Any CPU
		{6503E9B9-1D2B-4C43-9946-B2283173F4AD}.Release|Any CPU.ActiveCfg = Release|Any CPU
		{6503E9B9-1D2B-4C43-9946-B2283173F4AD}.Release|Any CPU.Build.0 = Release|Any CPU
		{1D77DBDB-1986-474C-A79C-A03D35C3151A}.Debug|Any CPU.ActiveCfg = Debug|Any CPU
		{1D77DBDB-1986-474C-A79C-A03D35C3151A}.Debug|Any CPU.Build.0 = Debug|Any CPU
		{1D77DBDB-1986-474C-A79C-A03D35C3151A}.Release|Any CPU.ActiveCfg = Release|Any CPU
		{1D77DBDB-1986-474C-A79C-A03D35C3151A}.Release|Any CPU.Build.0 = Release|Any CPU
		{6864C80E-5264-452D-B677-9DCC6D8D1342}.Debug|Any CPU.ActiveCfg = Debug|Any CPU
		{6864C80E-5264-452D-B677-9DCC6D8D1342}.Debug|Any CPU.Build.0 = Debug|Any CPU
		{6864C80E-5264-452D-B677-9DCC6D8D1342}.Release|Any CPU.ActiveCfg = Release|Any CPU
		{6864C80E-5264-452D-B677-9DCC6D8D1342}.Release|Any CPU.Build.0 = Release|Any CPU
		{22162A7F-3B66-479B-99BD-2AD308634186}.Debug|Any CPU.ActiveCfg = Debug|Any CPU
		{22162A7F-3B66-479B-99BD-2AD308634186}.Debug|Any CPU.Build.0 = Debug|Any CPU
		{22162A7F-3B66-479B-99BD-2AD308634186}.Release|Any CPU.ActiveCfg = Release|Any CPU
		{22162A7F-3B66-479B-99BD-2AD308634186}.Release|Any CPU.Build.0 = Release|Any CPU
		{8CCD303A-9BCB-43AD-A6BD-C977FFEE512C}.Debug|Any CPU.ActiveCfg = Debug|Any CPU
		{8CCD303A-9BCB-43AD-A6BD-C977FFEE512C}.Debug|Any CPU.Build.0 = Debug|Any CPU
		{8CCD303A-9BCB-43AD-A6BD-C977FFEE512C}.Release|Any CPU.ActiveCfg = Release|Any CPU
		{8CCD303A-9BCB-43AD-A6BD-C977FFEE512C}.Release|Any CPU.Build.0 = Release|Any CPU
		{E29B7C62-6758-424F-B08F-14AEE3EE70ED}.Debug|Any CPU.ActiveCfg = Debug|Any CPU
		{E29B7C62-6758-424F-B08F-14AEE3EE70ED}.Debug|Any CPU.Build.0 = Debug|Any CPU
		{E29B7C62-6758-424F-B08F-14AEE3EE70ED}.Release|Any CPU.ActiveCfg = Release|Any CPU
		{E29B7C62-6758-424F-B08F-14AEE3EE70ED}.Release|Any CPU.Build.0 = Release|Any CPU
		{C0F1CF59-0745-4F12-A6DF-B76C564C42A4}.Debug|Any CPU.ActiveCfg = Debug|Any CPU
		{C0F1CF59-0745-4F12-A6DF-B76C564C42A4}.Debug|Any CPU.Build.0 = Debug|Any CPU
		{C0F1CF59-0745-4F12-A6DF-B76C564C42A4}.Release|Any CPU.ActiveCfg = Release|Any CPU
		{C0F1CF59-0745-4F12-A6DF-B76C564C42A4}.Release|Any CPU.Build.0 = Release|Any CPU
		{C45531D5-A8F0-4B49-8271-BB188B3E154D}.Debug|Any CPU.ActiveCfg = Debug|Any CPU
		{C45531D5-A8F0-4B49-8271-BB188B3E154D}.Debug|Any CPU.Build.0 = Debug|Any CPU
		{C45531D5-A8F0-4B49-8271-BB188B3E154D}.Release|Any CPU.ActiveCfg = Release|Any CPU
		{C45531D5-A8F0-4B49-8271-BB188B3E154D}.Release|Any CPU.Build.0 = Release|Any CPU
		{D7F99DA7-70C5-4FD5-9DDA-926048E988A7}.Debug|Any CPU.ActiveCfg = Debug|Any CPU
		{D7F99DA7-70C5-4FD5-9DDA-926048E988A7}.Debug|Any CPU.Build.0 = Debug|Any CPU
		{D7F99DA7-70C5-4FD5-9DDA-926048E988A7}.Release|Any CPU.ActiveCfg = Release|Any CPU
		{D7F99DA7-70C5-4FD5-9DDA-926048E988A7}.Release|Any CPU.Build.0 = Release|Any CPU
	EndGlobalSection
	GlobalSection(SolutionProperties) = preSolution
		HideSolutionNode = FALSE
	EndGlobalSection
	GlobalSection(ExtensibilityGlobals) = postSolution
		SolutionGuid = {D7AC7D7C-6286-4D80-BFCE-01C2B76F774E}
	EndGlobalSection
EndGlobal
