
Microsoft Visual Studio Solution File, Format Version 12.00
# Visual Studio Version 16
VisualStudioVersion = 16.0.31729.503
MinimumVisualStudioVersion = 10.0.40219.1
Project("{FAE04EC0-301F-11D3-BF4B-00C04F79EFBC}") = "1", "1\1.csproj", "{8D7A91C8-BE7D-438D-8904-D423FB69CD9B}"
EndProject
Project("{FAE04EC0-301F-11D3-BF4B-00C04F79EFBC}") = "2", "2\2.csproj", "{6A8F8A1C-1AC1-489A-8D69-17363E469CF9}"
EndProject
Global
	GlobalSection(SolutionConfigurationPlatforms) = preSolution
		Debug|Any CPU = Debug|Any CPU
		Release|Any CPU = Release|Any CPU
	EndGlobalSection
	GlobalSection(ProjectConfigurationPlatforms) = postSolution
		{8D7A91C8-BE7D-438D-8904-D423FB69CD9B}.Debug|Any CPU.ActiveCfg = Debug|Any CPU
		{8D7A91C8-BE7D-438D-8904-D423FB69CD9B}.Debug|Any CPU.Build.0 = Debug|Any CPU
		{8D7A91C8-BE7D-438D-8904-D423FB69CD9B}.Release|Any CPU.ActiveCfg = Release|Any CPU
		{8D7A91C8-BE7D-438D-8904-D423FB69CD9B}.Release|Any CPU.Build.0 = Release|Any CPU
		{6A8F8A1C-1AC1-489A-8D69-17363E469CF9}.Debug|Any CPU.ActiveCfg = Debug|Any CPU
		{6A8F8A1C-1AC1-489A-8D69-17363E469CF9}.Debug|Any CPU.Build.0 = Debug|Any CPU
		{6A8F8A1C-1AC1-489A-8D69-17363E469CF9}.Release|Any CPU.ActiveCfg = Release|Any CPU
		{6A8F8A1C-1AC1-489A-8D69-17363E469CF9}.Release|Any CPU.Build.0 = Release|Any CPU
	EndGlobalSection
	GlobalSection(SolutionProperties) = preSolution
		HideSolutionNode = FALSE
	EndGlobalSection
	GlobalSection(ExtensibilityGlobals) = postSolution
		SolutionGuid = {F04ED3B1-CD8A-48AD-9C09-696528D0DAA6}
	EndGlobalSection
EndGlobal
