
Microsoft Visual Studio Solution File, Format Version 12.00
# Visual Studio Version 16
VisualStudioVersion = 16.0.31729.503
MinimumVisualStudioVersion = 10.0.40219.1
Project("{FAE04EC0-301F-11D3-BF4B-00C04F79EFBC}") = "1", "1\1.csproj", "{7A9F8494-EEAD-4162-A13B-A1744F8DB6EB}"
EndProject
Global
	GlobalSection(SolutionConfigurationPlatforms) = preSolution
		Debug|Any CPU = Debug|Any CPU
		Release|Any CPU = Release|Any CPU
	EndGlobalSection
	GlobalSection(ProjectConfigurationPlatforms) = postSolution
		{7A9F8494-EEAD-4162-A13B-A1744F8DB6EB}.Debug|Any CPU.ActiveCfg = Debug|Any CPU
		{7A9F8494-EEAD-4162-A13B-A1744F8DB6EB}.Debug|Any CPU.Build.0 = Debug|Any CPU
		{7A9F8494-EEAD-4162-A13B-A1744F8DB6EB}.Release|Any CPU.ActiveCfg = Release|Any CPU
		{7A9F8494-EEAD-4162-A13B-A1744F8DB6EB}.Release|Any CPU.Build.0 = Release|Any CPU
	EndGlobalSection
	GlobalSection(SolutionProperties) = preSolution
		HideSolutionNode = FALSE
	EndGlobalSection
	GlobalSection(ExtensibilityGlobals) = postSolution
		SolutionGuid = {38E40D3D-7989-4F0E-A5EC-930E9C6F3D61}
	EndGlobalSection
EndGlobal
