
Microsoft Visual Studio Solution File, Format Version 12.00
# Visual Studio Version 16
VisualStudioVersion = 16.0.31729.503
MinimumVisualStudioVersion = 10.0.40219.1
Project("{FAE04EC0-301F-11D3-BF4B-00C04F79EFBC}") = "1", "1\1.csproj", "{8B08204A-B936-4175-B8A0-8D80BF7CB39C}"
EndProject
Project("{FAE04EC0-301F-11D3-BF4B-00C04F79EFBC}") = "2", "2\2.csproj", "{FA7635CE-9A0E-4833-BB3C-EFE522562A8C}"
EndProject
Project("{FAE04EC0-301F-11D3-BF4B-00C04F79EFBC}") = "3", "3\3.csproj", "{D7C0E8E7-5DC4-4F69-B774-D117CFE1855E}"
EndProject
Project("{FAE04EC0-301F-11D3-BF4B-00C04F79EFBC}") = "4", "4\4.csproj", "{E708E192-E1BE-4676-A23E-342E5682CE2E}"
EndProject
Project("{FAE04EC0-301F-11D3-BF4B-00C04F79EFBC}") = "5", "5\5.csproj", "{16AF3BEC-6018-45EF-848B-3299C6609C15}"
EndProject
Global
	GlobalSection(SolutionConfigurationPlatforms) = preSolution
		Debug|Any CPU = Debug|Any CPU
		Release|Any CPU = Release|Any CPU
	EndGlobalSection
	GlobalSection(ProjectConfigurationPlatforms) = postSolution
		{8B08204A-B936-4175-B8A0-8D80BF7CB39C}.Debug|Any CPU.ActiveCfg = Debug|Any CPU
		{8B08204A-B936-4175-B8A0-8D80BF7CB39C}.Debug|Any CPU.Build.0 = Debug|Any CPU
		{8B08204A-B936-4175-B8A0-8D80BF7CB39C}.Release|Any CPU.ActiveCfg = Release|Any CPU
		{8B08204A-B936-4175-B8A0-8D80BF7CB39C}.Release|Any CPU.Build.0 = Release|Any CPU
		{FA7635CE-9A0E-4833-BB3C-EFE522562A8C}.Debug|Any CPU.ActiveCfg = Debug|Any CPU
		{FA7635CE-9A0E-4833-BB3C-EFE522562A8C}.Debug|Any CPU.Build.0 = Debug|Any CPU
		{FA7635CE-9A0E-4833-BB3C-EFE522562A8C}.Release|Any CPU.ActiveCfg = Release|Any CPU
		{FA7635CE-9A0E-4833-BB3C-EFE522562A8C}.Release|Any CPU.Build.0 = Release|Any CPU
		{D7C0E8E7-5DC4-4F69-B774-D117CFE1855E}.Debug|Any CPU.ActiveCfg = Debug|Any CPU
		{D7C0E8E7-5DC4-4F69-B774-D117CFE1855E}.Debug|Any CPU.Build.0 = Debug|Any CPU
		{D7C0E8E7-5DC4-4F69-B774-D117CFE1855E}.Release|Any CPU.ActiveCfg = Release|Any CPU
		{D7C0E8E7-5DC4-4F69-B774-D117CFE1855E}.Release|Any CPU.Build.0 = Release|Any CPU
		{E708E192-E1BE-4676-A23E-342E5682CE2E}.Debug|Any CPU.ActiveCfg = Debug|Any CPU
		{E708E192-E1BE-4676-A23E-342E5682CE2E}.Debug|Any CPU.Build.0 = Debug|Any CPU
		{E708E192-E1BE-4676-A23E-342E5682CE2E}.Release|Any CPU.ActiveCfg = Release|Any CPU
		{E708E192-E1BE-4676-A23E-342E5682CE2E}.Release|Any CPU.Build.0 = Release|Any CPU
		{16AF3BEC-6018-45EF-848B-3299C6609C15}.Debug|Any CPU.ActiveCfg = Debug|Any CPU
		{16AF3BEC-6018-45EF-848B-3299C6609C15}.Debug|Any CPU.Build.0 = Debug|Any CPU
		{16AF3BEC-6018-45EF-848B-3299C6609C15}.Release|Any CPU.ActiveCfg = Release|Any CPU
		{16AF3BEC-6018-45EF-848B-3299C6609C15}.Release|Any CPU.Build.0 = Release|Any CPU
	EndGlobalSection
	GlobalSection(SolutionProperties) = preSolution
		HideSolutionNode = FALSE
	EndGlobalSection
	GlobalSection(ExtensibilityGlobals) = postSolution
		SolutionGuid = {C1227483-3286-4ADB-B081-154C34D48F28}
	EndGlobalSection
EndGlobal
