
Microsoft Visual Studio Solution File, Format Version 12.00
# Visual Studio Version 16
VisualStudioVersion = 16.0.31729.503
MinimumVisualStudioVersion = 10.0.40219.1
Project("{FAE04EC0-301F-11D3-BF4B-00C04F79EFBC}") = "1", "1\1.csproj", "{D18628B8-85BA-4561-A5A2-D06C6D4A726C}"
EndProject
Project("{FAE04EC0-301F-11D3-BF4B-00C04F79EFBC}") = "2", "2\2.csproj", "{6A6AC3D6-1BEE-4D06-85E5-6DF5096165CA}"
EndProject
Project("{FAE04EC0-301F-11D3-BF4B-00C04F79EFBC}") = "3", "3\3.csproj", "{B2EE20A7-99E3-45B2-8CD6-9A2695ABF284}"
EndProject
Global
	GlobalSection(SolutionConfigurationPlatforms) = preSolution
		Debug|Any CPU = Debug|Any CPU
		Release|Any CPU = Release|Any CPU
	EndGlobalSection
	GlobalSection(ProjectConfigurationPlatforms) = postSolution
		{D18628B8-85BA-4561-A5A2-D06C6D4A726C}.Debug|Any CPU.ActiveCfg = Debug|Any CPU
		{D18628B8-85BA-4561-A5A2-D06C6D4A726C}.Debug|Any CPU.Build.0 = Debug|Any CPU
		{D18628B8-85BA-4561-A5A2-D06C6D4A726C}.Release|Any CPU.ActiveCfg = Release|Any CPU
		{D18628B8-85BA-4561-A5A2-D06C6D4A726C}.Release|Any CPU.Build.0 = Release|Any CPU
		{6A6AC3D6-1BEE-4D06-85E5-6DF5096165CA}.Debug|Any CPU.ActiveCfg = Debug|Any CPU
		{6A6AC3D6-1BEE-4D06-85E5-6DF5096165CA}.Debug|Any CPU.Build.0 = Debug|Any CPU
		{6A6AC3D6-1BEE-4D06-85E5-6DF5096165CA}.Release|Any CPU.ActiveCfg = Release|Any CPU
		{6A6AC3D6-1BEE-4D06-85E5-6DF5096165CA}.Release|Any CPU.Build.0 = Release|Any CPU
		{B2EE20A7-99E3-45B2-8CD6-9A2695ABF284}.Debug|Any CPU.ActiveCfg = Debug|Any CPU
		{B2EE20A7-99E3-45B2-8CD6-9A2695ABF284}.Debug|Any CPU.Build.0 = Debug|Any CPU
		{B2EE20A7-99E3-45B2-8CD6-9A2695ABF284}.Release|Any CPU.ActiveCfg = Release|Any CPU
		{B2EE20A7-99E3-45B2-8CD6-9A2695ABF284}.Release|Any CPU.Build.0 = Release|Any CPU
	EndGlobalSection
	GlobalSection(SolutionProperties) = preSolution
		HideSolutionNode = FALSE
	EndGlobalSection
	GlobalSection(ExtensibilityGlobals) = postSolution
		SolutionGuid = {8B2C4FA0-54FE-41F9-944B-9578DE0A09B2}
	EndGlobalSection
EndGlobal
